
Microsoft Visual Studio Solution File, Format Version 12.00
# Visual Studio Version 16
VisualStudioVersion = 16.0.31911.196
MinimumVisualStudioVersion = 10.0.40219.1
Project("{2150E333-8FDC-42A3-9474-1A3956D46DE8}") = "Services", "Services", "{7E12869B-F2A8-4E33-871E-F81D846F8A61}"
EndProject
Project("{2150E333-8FDC-42A3-9474-1A3956D46DE8}") = "Catalog", "Catalog", "{318AE7A8-91E7-46CB-838D-F09F07D6D711}"
EndProject
Project("{9A19103F-16F7-4668-BE54-9A1E7A4F7556}") = "Catalog.API", "Services\Catalog\Catalog.API\Catalog.API.csproj", "{1FC8B565-0870-4C67-87FC-97BCABD3D299}"
EndProject
Project("{E53339B2-1760-4266-BCC7-CA923CBCF16C}") = "docker-compose", "docker-compose.dcproj", "{3868891E-576A-42DA-93BB-B8C32737B0F5}"
EndProject
Project("{2150E333-8FDC-42A3-9474-1A3956D46DE8}") = "Basket", "Basket", "{7DA0F2D9-6ECD-4297-B2DA-644ABFF17D4E}"
EndProject
Project("{9A19103F-16F7-4668-BE54-9A1E7A4F7556}") = "Basket.API", "Services\Basket\Basket.API\Basket.API.csproj", "{FAFF9F6D-AFEE-4AB5-BC07-EA6FD45F1CB2}"
EndProject
Project("{2150E333-8FDC-42A3-9474-1A3956D46DE8}") = "Discount", "Discount", "{C350343D-F8A0-4C15-9F97-8F3EDE30C527}"
EndProject
Project("{9A19103F-16F7-4668-BE54-9A1E7A4F7556}") = "Discount.API", "Services\Discount\Discount.API\Discount.API.csproj", "{D5875FA3-F13A-4D1C-B6F8-427584306333}"
EndProject
Project("{FAE04EC0-301F-11D3-BF4B-00C04F79EFBC}") = "Discount.Grpc", "Services\Discount\Discount.Grpc\Discount.Grpc.csproj", "{4B943FF0-48F0-4FE1-B0EA-0052D468D15E}"
EndProject
Global
	GlobalSection(SolutionConfigurationPlatforms) = preSolution
		Debug|Any CPU = Debug|Any CPU
		Release|Any CPU = Release|Any CPU
	EndGlobalSection
	GlobalSection(ProjectConfigurationPlatforms) = postSolution
		{1FC8B565-0870-4C67-87FC-97BCABD3D299}.Debug|Any CPU.ActiveCfg = Debug|Any CPU
		{1FC8B565-0870-4C67-87FC-97BCABD3D299}.Debug|Any CPU.Build.0 = Debug|Any CPU
		{1FC8B565-0870-4C67-87FC-97BCABD3D299}.Release|Any CPU.ActiveCfg = Release|Any CPU
		{1FC8B565-0870-4C67-87FC-97BCABD3D299}.Release|Any CPU.Build.0 = Release|Any CPU
		{3868891E-576A-42DA-93BB-B8C32737B0F5}.Debug|Any CPU.ActiveCfg = Debug|Any CPU
		{3868891E-576A-42DA-93BB-B8C32737B0F5}.Debug|Any CPU.Build.0 = Debug|Any CPU
		{3868891E-576A-42DA-93BB-B8C32737B0F5}.Release|Any CPU.ActiveCfg = Release|Any CPU
		{3868891E-576A-42DA-93BB-B8C32737B0F5}.Release|Any CPU.Build.0 = Release|Any CPU
		{FAFF9F6D-AFEE-4AB5-BC07-EA6FD45F1CB2}.Debug|Any CPU.ActiveCfg = Debug|Any CPU
		{FAFF9F6D-AFEE-4AB5-BC07-EA6FD45F1CB2}.Debug|Any CPU.Build.0 = Debug|Any CPU
		{FAFF9F6D-AFEE-4AB5-BC07-EA6FD45F1CB2}.Release|Any CPU.ActiveCfg = Release|Any CPU
		{FAFF9F6D-AFEE-4AB5-BC07-EA6FD45F1CB2}.Release|Any CPU.Build.0 = Release|Any CPU
		{D5875FA3-F13A-4D1C-B6F8-427584306333}.Debug|Any CPU.ActiveCfg = Debug|Any CPU
		{D5875FA3-F13A-4D1C-B6F8-427584306333}.Debug|Any CPU.Build.0 = Debug|Any CPU
		{D5875FA3-F13A-4D1C-B6F8-427584306333}.Release|Any CPU.ActiveCfg = Release|Any CPU
		{D5875FA3-F13A-4D1C-B6F8-427584306333}.Release|Any CPU.Build.0 = Release|Any CPU
		{4B943FF0-48F0-4FE1-B0EA-0052D468D15E}.Debug|Any CPU.ActiveCfg = Debug|Any CPU
		{4B943FF0-48F0-4FE1-B0EA-0052D468D15E}.Debug|Any CPU.Build.0 = Debug|Any CPU
		{4B943FF0-48F0-4FE1-B0EA-0052D468D15E}.Release|Any CPU.ActiveCfg = Release|Any CPU
		{4B943FF0-48F0-4FE1-B0EA-0052D468D15E}.Release|Any CPU.Build.0 = Release|Any CPU
	EndGlobalSection
	GlobalSection(SolutionProperties) = preSolution
		HideSolutionNode = FALSE
	EndGlobalSection
	GlobalSection(NestedProjects) = preSolution
		{318AE7A8-91E7-46CB-838D-F09F07D6D711} = {7E12869B-F2A8-4E33-871E-F81D846F8A61}
		{1FC8B565-0870-4C67-87FC-97BCABD3D299} = {318AE7A8-91E7-46CB-838D-F09F07D6D711}
		{7DA0F2D9-6ECD-4297-B2DA-644ABFF17D4E} = {7E12869B-F2A8-4E33-871E-F81D846F8A61}
		{FAFF9F6D-AFEE-4AB5-BC07-EA6FD45F1CB2} = {7DA0F2D9-6ECD-4297-B2DA-644ABFF17D4E}
		{C350343D-F8A0-4C15-9F97-8F3EDE30C527} = {7E12869B-F2A8-4E33-871E-F81D846F8A61}
		{D5875FA3-F13A-4D1C-B6F8-427584306333} = {C350343D-F8A0-4C15-9F97-8F3EDE30C527}
		{4B943FF0-48F0-4FE1-B0EA-0052D468D15E} = {C350343D-F8A0-4C15-9F97-8F3EDE30C527}
	EndGlobalSection
	GlobalSection(ExtensibilityGlobals) = postSolution
		SolutionGuid = {17604751-6B0A-49D8-83B9-656ECFF1EBF1}
	EndGlobalSection
EndGlobal
